# THIS IS AN AUTOGENERATED FILE. DO NOT EDIT THIS FILE DIRECTLY.
# yarn lockfile v1


"@mongez/concat-route@^1.x.x":
  version "1.0.0"
  resolved "https://registry.yarnpkg.com/@mongez/concat-route/-/concat-route-1.0.0.tgz#c2c0d26274c6135914be5f64670a2986aa443ce2"
  integrity sha512-yl0kNPilESIk3GcdZtgChfpfVc8VzqQmHTZ+H12wuxACWl7hbA9jK8xQrjvdh+IIxd4Wzr4eaDfrpRpPTvwSQw==

"@mongez/events@^1.x.x":
  version "1.0.9"
  resolved "https://registry.yarnpkg.com/@mongez/events/-/events-1.0.9.tgz#8d9c3d3830c5973740b76869ac3a08d64a7fbdbc"
  integrity sha512-6vJaOeG6RE2Tzv9MsWVfBAqr5K/qESpymhlTPca5qs0bX4MGhHxAcBthhqByf6MJlAXwTGbBzoe9kmE6wGp3VA==

"@mongez/react-router@^2.1.21":
  version "2.1.21"
  resolved "https://registry.yarnpkg.com/@mongez/react-router/-/react-router-2.1.21.tgz#65b09dfa44bfcb1703311dcd2c03588854c82c1b"
  integrity sha512-EkUSk82wwjjM9YRrHCiNqyV0svZ94cmaW8XSnYsck+8NaYaty+r3wewhgPZf1PvDf1H83Wx+LR4Lia8WClpzPQ==
  dependencies:
    "@mongez/concat-route" "^1.x.x"
    "@mongez/events" "^1.x.x"

"@types/prop-types@*":
  version "15.7.4"
  resolved "https://registry.yarnpkg.com/@types/prop-types/-/prop-types-15.7.4.tgz#fcf7205c25dff795ee79af1e30da2c9790808f11"
  integrity sha512-rZ5drC/jWjrArrS8BR6SIr4cWpW09RNTYt9AMZo3Jwwif+iacXAqgVjm0B0Bv/S1jhDXKHqRVNCbACkJ89RAnQ==

"@types/react@>=18.0.33":
  version "18.0.33"
  resolved "https://registry.yarnpkg.com/@types/react/-/react-18.0.33.tgz#a1575160cb4376787c2f5fe0312302f824baa61e"
  integrity sha512-sHxzVxeanvQyQ1lr8NSHaj0kDzcNiGpILEVt69g9S31/7PfMvNCKLKcsHw4lYKjs3cGNJjXSP4mYzX43QlnjNA==
  dependencies:
    "@types/prop-types" "*"
    "@types/scheduler" "*"
    csstype "^3.0.2"

"@types/scheduler@*":
  version "0.16.2"
  resolved "https://registry.yarnpkg.com/@types/scheduler/-/scheduler-0.16.2.tgz#1a62f89525723dde24ba1b01b092bf5df8ad4d39"
  integrity sha512-hppQEBDmlwhFAXKJX2KnWLYu5yMfi91yazPb2l+lbJiwW+wdo1gNeRA+3RgNSO39WYX2euey41KEwnqesU2Jew==

csstype@^3.0.2:
  version "3.0.10"
  resolved "https://registry.yarnpkg.com/csstype/-/csstype-3.0.10.tgz#2ad3a7bed70f35b965707c092e5f30b327c290e5"
  integrity sha512-2u44ZG2OcNUO9HDp/Jl8C07x6pU/eTR3ncV91SiK3dhG9TWvRVsCoJw14Ckx5DgWkzGA3waZWO3d7pgqpUI/XA==

"js-tokens@^3.0.0 || ^4.0.0":
  version "4.0.0"
  resolved "https://registry.yarnpkg.com/js-tokens/-/js-tokens-4.0.0.tgz#19203fb59991df98e3a287050d4647cdeaf32499"
  integrity sha512-RdJUflcE3cUzKiMqQgsCu06FPu9UdIJO0beYbPhHN4k6apgJtifcoCtT9bcxOpYBtpD2kCM6Sbzg4CausW/PKQ==

loose-envify@^1.1.0:
  version "1.4.0"
  resolved "https://registry.yarnpkg.com/loose-envify/-/loose-envify-1.4.0.tgz#71ee51fa7be4caec1a63839f7e682d8132d30caf"
  integrity sha512-lyuxPGr/Wfhrlem2CL/UcnUc1zcqKAImBDzukY7Y5F/yQiNdko6+fRLevlw1HgMySw7f611UIY408EtxRSoK3Q==
  dependencies:
    js-tokens "^3.0.0 || ^4.0.0"

react@>=18:
  version "18.2.0"
  resolved "https://registry.yarnpkg.com/react/-/react-18.2.0.tgz#555bd98592883255fa00de14f1151a917b5d77d5"
  integrity sha512-/3IjMdb2L9QbBdWiW5e3P2/npwMBaU9mHCSCUzNln0ZCYbcfTsGbTJrU/kGemdH2IWmB2ioZ+zkxtmq6g09fGQ==
  dependencies:
    loose-envify "^1.1.0"

typescript@^5.0.4:
  version "5.0.4"
  resolved "https://registry.yarnpkg.com/typescript/-/typescript-5.0.4.tgz#b217fd20119bd61a94d4011274e0ab369058da3b"
  integrity sha512-cW9T5W9xY37cc+jfEnaUvX91foxtHkza3Nw3wkoF4sSlKn0MONdkdEndig/qPBWXNkmplh3NzayQzCiHM4/hqw==
