# THIS IS AN AUTOGENERATED FILE. DO NOT EDIT THIS FILE DIRECTLY.
# yarn lockfile v1


"@babel/runtime@^7.1.2", "@babel/runtime@^7.12.1", "@babel/runtime@^7.12.13":
  version "7.16.5"
  resolved "https://registry.yarnpkg.com/@babel/runtime/-/runtime-7.16.5.tgz#7f3e34bf8bdbbadf03fbb7b1ea0d929569c9487a"
  integrity sha512-TXWihFIS3Pyv5hzR7j6ihmeLkZfrXGxAr5UfSl8CHf+6q/wpiYDkUau0czckpYG8QmnCIuPpdLtuA9VmuGGyMA==
  dependencies:
    regenerator-runtime "^0.13.4"

"@mongez/cache@^1.0.5":
  version "1.0.5"
  resolved "https://registry.yarnpkg.com/@mongez/cache/-/cache-1.0.5.tgz#5ed3bdfe557debe5260f11d9fe4b2d9e1f3325bc"
  integrity sha512-NxjnA3Ash5aop2DiG0wTeOk6/SqohA2y4zwbnyS1Qt70qzYvK+5Nls21PxOpD3ssNNDd8TK0euThc3yP3t9/Gw==
  dependencies:
    "@mongez/encryption" "^1.0.x"

"@mongez/config@^1.0.x":
  version "1.0.13"
  resolved "https://registry.yarnpkg.com/@mongez/config/-/config-1.0.13.tgz#0e4f3f2f8cce78b3219cccdbc841ba207ef5469e"
  integrity sha512-Z+TF0QdzjUUmr0SvsQk796liHC0o2gj2tu6RTWxBI8TyouOgv57h1OvszRM4OtWluIpJG4SCNfwI4pTcWPwSvw==
  dependencies:
    "@mongez/reinforcements" "1.2.x"
    immutable "^4.0.0"

"@mongez/dom@^1.0.1":
  version "1.0.1"
  resolved "https://registry.yarnpkg.com/@mongez/dom/-/dom-1.0.1.tgz#3ba0609c5ccd5bf114e71be2d465029ba84e3afc"
  integrity sha512-YG58MXlTvcn2bEgIjHWGb0TZNawXmNs2EMAoo/0yikVkyhDJXyEJpw/7FLdzFygvowM9otfIWDofOzPlzP0kDw==

"@mongez/encryption@^1.0.1", "@mongez/encryption@^1.0.x":
  version "1.0.1"
  resolved "https://registry.yarnpkg.com/@mongez/encryption/-/encryption-1.0.1.tgz#1171f78bd117b0002f3acb15dbe9880bedf11493"
  integrity sha512-cQEgYgccuTawbEgCVdyWpYtpLbwN0Nm4TQXCVX/dJdridsBOOk7ijLMUykFOZvxuXAAtSkInJ4UHEz03s/0ZkA==
  dependencies:
    crypto-js "^4.0.0"

"@mongez/events@1.0.x", "@mongez/events@^1.0.x":
  version "1.0.7"
  resolved "https://registry.yarnpkg.com/@mongez/events/-/events-1.0.7.tgz#d33fa05054b9bc9cce82d7e0d6611c70fdc1fd57"
  integrity sha512-0nZa4jaiGQIR84AlO7j3ZV0dIpOdDR1gz3K4TOhT0A73Y3e7mjRhYIZId/x6x9zdtt7mTpvcUbA1m4iRamBhkQ==

"@mongez/http@^1.0.11":
  version "1.0.11"
  resolved "https://registry.yarnpkg.com/@mongez/http/-/http-1.0.11.tgz#7cfdde9ee4bdcc5dc9887f5c80291a5e3c69954d"
  integrity sha512-MY29LO5T/l7CYxtCPNP8z1ikp/0bYrcmG1UiqZ7vMvweptsE/aVQlPLDKsX7yG8YFMA8q6s0mlN6GeNpr5n0Rw==
  dependencies:
    "@mongez/events" "^1.0.x"
    "@mongez/reinforcements" "^1.0.x"
    "@mongez/supportive-is" "^1.0.x"
    axios "^0.24.0"

"@mongez/localization@^1.0.8":
  version "1.0.8"
  resolved "https://registry.yarnpkg.com/@mongez/localization/-/localization-1.0.8.tgz#a06c066e0a0b62f59ff6693ce39bd098ff0fab25"
  integrity sha512-rU34GXON+Pbnr0mmKIFdJ9ZJpL2TExIFsYPs0gL7Vuqb3bXAavZGhPN5q9vOWutnmNmNtUnRzN9vWeoZGyq+0Q==
  dependencies:
    "@mongez/events" "1.0.x"
    "@mongez/reinforcements" "1.0.x"

"@mongez/react-router@^1.0.5":
  version "1.0.8"
  resolved "https://registry.yarnpkg.com/@mongez/react-router/-/react-router-1.0.8.tgz#0fb877d14ed05bcbbc52c1b8e2517fef3854471d"
  integrity sha512-ylAoHu2Dbupz0K9p80OeJLwmoqAWxTp3UQKjZCu0/a9YqBtYPMilxeEGQclhQm/Z9irgvRJ65Wbt9iUW5BIcBw==
  dependencies:
    "@mongez/events" "^1.0.x"
    "@mongez/reinforcements" "^1.0.x"
    "@mongez/supportive-is" "^1.0.x"
    history "^4.1.0"
    object-query-string "^1.2.0"
    query-string "^7.0.1"
    react-router-dom "^5.2.0"

"@mongez/reinforcements@1.0.x", "@mongez/reinforcements@^1.0.x":
  version "1.0.4"
  resolved "https://registry.yarnpkg.com/@mongez/reinforcements/-/reinforcements-1.0.4.tgz#efc32902a3c75d18ee764152dd9739ca2648c1a7"
  integrity sha512-Eb0MuGl8yX0/8cMDWMzrAxRcNGxwWtdSx+LuZLDgSlIvOrEKIHes4EdqyV7XpQssl0W+KgOujI2TENLHmaSCcw==

"@mongez/reinforcements@1.2.x":
  version "1.2.6"
  resolved "https://registry.yarnpkg.com/@mongez/reinforcements/-/reinforcements-1.2.6.tgz#5583ec1b1ae98c165b3b276cb72eb0c458aac0e6"
  integrity sha512-XZLCTbfqxZ6MUenPtTCDRSWmYtBDa7ElWrbdqJD6ezwaqJldrNZkOex7QTozn6bVtA96wOC4b8RHERFZ1LkGVg==

"@mongez/supportive-is@^1.0.x":
  version "1.0.0"
  resolved "https://registry.yarnpkg.com/@mongez/supportive-is/-/supportive-is-1.0.0.tgz#c7379b4f543e93d3ddbb59c1131c60b1d425f677"
  integrity sha512-9GCyRdRDKpJrWSIi/rnMGYaGyx+FbMa0b+sfR4cT8x6CcG3i5iWqvc56obOtic6IygQQowWWcUmgaHr1Q23m9Q==

"@mongez/user@^1.0.2":
  version "1.0.2"
  resolved "https://registry.yarnpkg.com/@mongez/user/-/user-1.0.2.tgz#23b4b7961177686af314a841911412519b37658c"
  integrity sha512-8qQ/VXHF6cc8o6Xk2r4AIz3ncY/nHU8gR/SEFXnMkwZtvUgD+lSyI1T65ye0DcOWvKpEV/AZHJVcuMqoptyojA==
  dependencies:
    "@mongez/events" "^1.0.x"
    "@mongez/reinforcements" "^1.0.x"

"@types/prop-types@*":
  version "15.7.4"
  resolved "https://registry.yarnpkg.com/@types/prop-types/-/prop-types-15.7.4.tgz#fcf7205c25dff795ee79af1e30da2c9790808f11"
  integrity sha512-rZ5drC/jWjrArrS8BR6SIr4cWpW09RNTYt9AMZo3Jwwif+iacXAqgVjm0B0Bv/S1jhDXKHqRVNCbACkJ89RAnQ==

"@types/react@^17.0.37":
  version "17.0.37"
  resolved "https://registry.yarnpkg.com/@types/react/-/react-17.0.37.tgz#6884d0aa402605935c397ae689deed115caad959"
  integrity sha512-2FS1oTqBGcH/s0E+CjrCCR9+JMpsu9b69RTFO+40ua43ZqP5MmQ4iUde/dMjWR909KxZwmOQIFq6AV6NjEG5xg==
  dependencies:
    "@types/prop-types" "*"
    "@types/scheduler" "*"
    csstype "^3.0.2"

"@types/scheduler@*":
  version "0.16.2"
  resolved "https://registry.yarnpkg.com/@types/scheduler/-/scheduler-0.16.2.tgz#1a62f89525723dde24ba1b01b092bf5df8ad4d39"
  integrity sha512-hppQEBDmlwhFAXKJX2KnWLYu5yMfi91yazPb2l+lbJiwW+wdo1gNeRA+3RgNSO39WYX2euey41KEwnqesU2Jew==

axios@^0.24.0:
  version "0.24.0"
  resolved "https://registry.yarnpkg.com/axios/-/axios-0.24.0.tgz#804e6fa1e4b9c5288501dd9dff56a7a0940d20d6"
  integrity sha512-Q6cWsys88HoPgAaFAVUb0WpPk0O8iTeisR9IMqy9G8AbO4NlpVknrnQS03zzF9PGAWgO3cgletO3VjV/P7VztA==
  dependencies:
    follow-redirects "^1.14.4"

clsx@^1.1.1:
  version "1.1.1"
  resolved "https://registry.yarnpkg.com/clsx/-/clsx-1.1.1.tgz#98b3134f9abbdf23b2663491ace13c5c03a73188"
  integrity sha512-6/bPho624p3S2pMyvP5kKBPXnI3ufHLObBFCfgx+LkeR5lg2XYy2hqZqUf45ypD8COn2bhgGJSUE+l5dhNBieA==

crypto-js@^4.0.0:
  version "4.1.1"
  resolved "https://registry.yarnpkg.com/crypto-js/-/crypto-js-4.1.1.tgz#9e485bcf03521041bd85844786b83fb7619736cf"
  integrity sha512-o2JlM7ydqd3Qk9CA0L4NL6mTzU2sdx96a+oOfPu8Mkl/PK51vSyoi8/rQ8NknZtk44vq15lmhAj9CIAGwgeWKw==

csstype@^3.0.2:
  version "3.0.10"
  resolved "https://registry.yarnpkg.com/csstype/-/csstype-3.0.10.tgz#2ad3a7bed70f35b965707c092e5f30b327c290e5"
  integrity sha512-2u44ZG2OcNUO9HDp/Jl8C07x6pU/eTR3ncV91SiK3dhG9TWvRVsCoJw14Ckx5DgWkzGA3waZWO3d7pgqpUI/XA==

decode-uri-component@^0.2.0:
  version "0.2.0"
  resolved "https://registry.yarnpkg.com/decode-uri-component/-/decode-uri-component-0.2.0.tgz#eb3913333458775cb84cd1a1fae062106bb87545"
  integrity sha1-6zkTMzRYd1y4TNGh+uBiEGu4dUU=

filter-obj@^1.1.0:
  version "1.1.0"
  resolved "https://registry.yarnpkg.com/filter-obj/-/filter-obj-1.1.0.tgz#9b311112bc6c6127a16e016c6c5d7f19e0805c5b"
  integrity sha1-mzERErxsYSehbgFsbF1/GeCAXFs=

follow-redirects@^1.14.4:
  version "1.14.6"
  resolved "https://registry.yarnpkg.com/follow-redirects/-/follow-redirects-1.14.6.tgz#8cfb281bbc035b3c067d6cd975b0f6ade6e855cd"
  integrity sha512-fhUl5EwSJbbl8AR+uYL2KQDxLkdSjZGR36xy46AO7cOMTrCMON6Sa28FmAnC2tRTDbd/Uuzz3aJBv7EBN7JH8A==

history@^4.1.0, history@^4.9.0:
  version "4.10.1"
  resolved "https://registry.yarnpkg.com/history/-/history-4.10.1.tgz#33371a65e3a83b267434e2b3f3b1b4c58aad4cf3"
  integrity sha512-36nwAD620w12kuzPAsyINPWJqlNbij+hpK1k9XRloDtym8mxzGYl2c17LnV6IAGB2Dmg4tEa7G7DlawS0+qjew==
  dependencies:
    "@babel/runtime" "^7.1.2"
    loose-envify "^1.2.0"
    resolve-pathname "^3.0.0"
    tiny-invariant "^1.0.2"
    tiny-warning "^1.0.0"
    value-equal "^1.0.1"

hoist-non-react-statics@^3.1.0:
  version "3.3.2"
  resolved "https://registry.yarnpkg.com/hoist-non-react-statics/-/hoist-non-react-statics-3.3.2.tgz#ece0acaf71d62c2969c2ec59feff42a4b1a85b45"
  integrity sha512-/gGivxi8JPKWNm/W0jSmzcMPpfpPLc3dY/6GxhX2hQ9iGj3aDfklV4ET7NjKpSinLpJ5vafa9iiGIEZg10SfBw==
  dependencies:
    react-is "^16.7.0"

immutable@^4.0.0:
  version "4.0.0"
  resolved "https://registry.yarnpkg.com/immutable/-/immutable-4.0.0.tgz#b86f78de6adef3608395efb269a91462797e2c23"
  integrity sha512-zIE9hX70qew5qTUjSS7wi1iwj/l7+m54KWU247nhM3v806UdGj1yDndXj+IOYxxtW9zyLI+xqFNZjTuDaLUqFw==

isarray@0.0.1:
  version "0.0.1"
  resolved "https://registry.yarnpkg.com/isarray/-/isarray-0.0.1.tgz#8a18acfca9a8f4177e09abfc6038939b05d1eedf"
  integrity sha1-ihis/Kmo9Bd+Cav8YDiTmwXR7t8=

"js-tokens@^3.0.0 || ^4.0.0":
  version "4.0.0"
  resolved "https://registry.yarnpkg.com/js-tokens/-/js-tokens-4.0.0.tgz#19203fb59991df98e3a287050d4647cdeaf32499"
  integrity sha512-RdJUflcE3cUzKiMqQgsCu06FPu9UdIJO0beYbPhHN4k6apgJtifcoCtT9bcxOpYBtpD2kCM6Sbzg4CausW/PKQ==

loose-envify@^1.1.0, loose-envify@^1.2.0, loose-envify@^1.3.1, loose-envify@^1.4.0:
  version "1.4.0"
  resolved "https://registry.yarnpkg.com/loose-envify/-/loose-envify-1.4.0.tgz#71ee51fa7be4caec1a63839f7e682d8132d30caf"
  integrity sha512-lyuxPGr/Wfhrlem2CL/UcnUc1zcqKAImBDzukY7Y5F/yQiNdko6+fRLevlw1HgMySw7f611UIY408EtxRSoK3Q==
  dependencies:
    js-tokens "^3.0.0 || ^4.0.0"

mini-create-react-context@^0.4.0:
  version "0.4.1"
  resolved "https://registry.yarnpkg.com/mini-create-react-context/-/mini-create-react-context-0.4.1.tgz#072171561bfdc922da08a60c2197a497cc2d1d5e"
  integrity sha512-YWCYEmd5CQeHGSAKrYvXgmzzkrvssZcuuQDDeqkT+PziKGMgE+0MCCtcKbROzocGBG1meBLl2FotlRwf4gAzbQ==
  dependencies:
    "@babel/runtime" "^7.12.1"
    tiny-warning "^1.0.3"

object-assign@^4.1.1:
  version "4.1.1"
  resolved "https://registry.yarnpkg.com/object-assign/-/object-assign-4.1.1.tgz#2109adc7965887cfc05cbbd442cac8bfbb360863"
  integrity sha1-IQmtx5ZYh8/AXLvUQsrIv7s2CGM=

object-query-string@^1.2.0:
  version "1.2.0"
  resolved "https://registry.yarnpkg.com/object-query-string/-/object-query-string-1.2.0.tgz#ba3183b3751b7a710558f584dff2a4c47deb7b97"
  integrity sha512-alZUa1gg88HYP/cd1Cah+mjRUuh+6wy6uMRn7X8S9Dt7KFu/DwHjY7sI9m+2E2y3XU1Wv9YJKfZ3rCVL3RGBmA==

path-to-regexp@^1.7.0:
  version "1.8.0"
  resolved "https://registry.yarnpkg.com/path-to-regexp/-/path-to-regexp-1.8.0.tgz#887b3ba9d84393e87a0a0b9f4cb756198b53548a"
  integrity sha512-n43JRhlUKUAlibEJhPeir1ncUID16QnEjNpwzNdO3Lm4ywrBpBZ5oLD0I6br9evr1Y9JTqwRtAh7JLoOzAQdVA==
  dependencies:
    isarray "0.0.1"

prop-types@^15.6.2:
  version "15.8.0"
  resolved "https://registry.yarnpkg.com/prop-types/-/prop-types-15.8.0.tgz#d237e624c45a9846e469f5f31117f970017ff588"
  integrity sha512-fDGekdaHh65eI3lMi5OnErU6a8Ighg2KjcjQxO7m8VHyWjcPyj5kiOgV1LQDOOOgVy3+5FgjXvdSSX7B8/5/4g==
  dependencies:
    loose-envify "^1.4.0"
    object-assign "^4.1.1"
    react-is "^16.13.1"

query-string@^7.0.1:
  version "7.0.1"
  resolved "https://registry.yarnpkg.com/query-string/-/query-string-7.0.1.tgz#45bd149cf586aaa582dffc7ec7a8ad97dd02f75d"
  integrity sha512-uIw3iRvHnk9to1blJCG3BTc+Ro56CBowJXKmNNAm3RulvPBzWLRqKSiiDk+IplJhsydwtuNMHi8UGQFcCLVfkA==
  dependencies:
    decode-uri-component "^0.2.0"
    filter-obj "^1.1.0"
    split-on-first "^1.0.0"
    strict-uri-encode "^2.0.0"

react-is@^16.13.1, react-is@^16.6.0, react-is@^16.7.0:
  version "16.13.1"
  resolved "https://registry.yarnpkg.com/react-is/-/react-is-16.13.1.tgz#789729a4dc36de2999dc156dd6c1d9c18cea56a4"
  integrity sha512-24e6ynE2H+OKt4kqsOvNd8kBpV65zoxbA4BVsEOB3ARVWQki/DHzaUoC5KuON/BiccDaCCTZBuOcfZs70kR8bQ==

react-router-dom@^5.2.0:
  version "5.3.0"
  resolved "https://registry.yarnpkg.com/react-router-dom/-/react-router-dom-5.3.0.tgz#da1bfb535a0e89a712a93b97dd76f47ad1f32363"
  integrity sha512-ObVBLjUZsphUUMVycibxgMdh5jJ1e3o+KpAZBVeHcNQZ4W+uUGGWsokurzlF4YOldQYRQL4y6yFRWM4m3svmuQ==
  dependencies:
    "@babel/runtime" "^7.12.13"
    history "^4.9.0"
    loose-envify "^1.3.1"
    prop-types "^15.6.2"
    react-router "5.2.1"
    tiny-invariant "^1.0.2"
    tiny-warning "^1.0.0"

react-router@5.2.1:
  version "5.2.1"
  resolved "https://registry.yarnpkg.com/react-router/-/react-router-5.2.1.tgz#4d2e4e9d5ae9425091845b8dbc6d9d276239774d"
  integrity sha512-lIboRiOtDLFdg1VTemMwud9vRVuOCZmUIT/7lUoZiSpPODiiH1UQlfXy+vPLC/7IWdFYnhRwAyNqA/+I7wnvKQ==
  dependencies:
    "@babel/runtime" "^7.12.13"
    history "^4.9.0"
    hoist-non-react-statics "^3.1.0"
    loose-envify "^1.3.1"
    mini-create-react-context "^0.4.0"
    path-to-regexp "^1.7.0"
    prop-types "^15.6.2"
    react-is "^16.6.0"
    tiny-invariant "^1.0.2"
    tiny-warning "^1.0.0"

react@^17.0.2:
  version "17.0.2"
  resolved "https://registry.yarnpkg.com/react/-/react-17.0.2.tgz#d0b5cc516d29eb3eee383f75b62864cfb6800037"
  integrity sha512-gnhPt75i/dq/z3/6q/0asP78D0u592D5L1pd7M8P+dck6Fu/jJeL6iVVK23fptSUZj8Vjf++7wXA8UNclGQcbA==
  dependencies:
    loose-envify "^1.1.0"
    object-assign "^4.1.1"

regenerator-runtime@^0.13.4:
  version "0.13.9"
  resolved "https://registry.yarnpkg.com/regenerator-runtime/-/regenerator-runtime-0.13.9.tgz#8925742a98ffd90814988d7566ad30ca3b263b52"
  integrity sha512-p3VT+cOEgxFsRRA9X4lkI1E+k2/CtnKtU4gcxyaCUreilL/vqI6CdZ3wxVUx3UOUg+gnUOQQcRI7BmSI656MYA==

resolve-pathname@^3.0.0:
  version "3.0.0"
  resolved "https://registry.yarnpkg.com/resolve-pathname/-/resolve-pathname-3.0.0.tgz#99d02224d3cf263689becbb393bc560313025dcd"
  integrity sha512-C7rARubxI8bXFNB/hqcp/4iUeIXJhJZvFPFPiSPRnhU5UPxzMFIl+2E6yY6c4k9giDJAhtV+enfA+G89N6Csng==

split-on-first@^1.0.0:
  version "1.1.0"
  resolved "https://registry.yarnpkg.com/split-on-first/-/split-on-first-1.1.0.tgz#f610afeee3b12bce1d0c30425e76398b78249a5f"
  integrity sha512-43ZssAJaMusuKWL8sKUBQXHWOpq8d6CfN/u1p4gUzfJkM05C8rxTmYrkIPTXapZpORA6LkkzcUulJ8FqA7Uudw==

strict-uri-encode@^2.0.0:
  version "2.0.0"
  resolved "https://registry.yarnpkg.com/strict-uri-encode/-/strict-uri-encode-2.0.0.tgz#b9c7330c7042862f6b142dc274bbcc5866ce3546"
  integrity sha1-ucczDHBChi9rFC3CdLvMWGbONUY=

tiny-invariant@^1.0.2:
  version "1.2.0"
  resolved "https://registry.yarnpkg.com/tiny-invariant/-/tiny-invariant-1.2.0.tgz#a1141f86b672a9148c72e978a19a73b9b94a15a9"
  integrity sha512-1Uhn/aqw5C6RI4KejVeTg6mIS7IqxnLJ8Mv2tV5rTc0qWobay7pDUz6Wi392Cnc8ak1H0F2cjoRzb2/AW4+Fvg==

tiny-warning@^1.0.0, tiny-warning@^1.0.3:
  version "1.0.3"
  resolved "https://registry.yarnpkg.com/tiny-warning/-/tiny-warning-1.0.3.tgz#94a30db453df4c643d0fd566060d60a875d84754"
  integrity sha512-lBN9zLN/oAf68o3zNXYrdCt1kP8WsiGW8Oo2ka41b2IM5JL/S1CTyX1rW0mb/zSuJun0ZUrDxx4sqvYS2FWzPA==

typescript@^4.5.4:
  version "4.5.4"
  resolved "https://registry.yarnpkg.com/typescript/-/typescript-4.5.4.tgz#a17d3a0263bf5c8723b9c52f43c5084edf13c2e8"
  integrity sha512-VgYs2A2QIRuGphtzFV7aQJduJ2gyfTljngLzjpfW9FoYZF6xuw1W0vW9ghCKLfcWrCFxK81CSGRAvS1pn4fIUg==

value-equal@^1.0.1:
  version "1.0.1"
  resolved "https://registry.yarnpkg.com/value-equal/-/value-equal-1.0.1.tgz#1e0b794c734c5c0cade179c437d356d931a34d6c"
  integrity sha512-NOJ6JZCAWr0zlxZt+xqCHNTEKOsrks2HQd4MqhP1qy4z1SkbEP467eNx6TgDKXMvUOb+OENfJCZwM+16n7fRfw==

web-vitals@^2.1.2:
  version "2.1.2"
  resolved "https://registry.yarnpkg.com/web-vitals/-/web-vitals-2.1.2.tgz#3a6c8faebf9097a6ccd17f5f45c9485d8d62dab1"
  integrity sha512-nZnEH8dj+vJFqCRYdvYv0a59iLXsb8jJkt+xvXfwgnkyPdsSLtKNlYmtTDiHmTNGXeSXtpjTTUcNvFtrAk6VMQ==
